
Microsoft Visual Studio Solution File, Format Version 11.00
# Visual Studio 2010
# SharpDevelop 5.1
Project("{FAE04EC0-301F-11D3-BF4B-00C04F79EFBC}") = "Combat", "Combat\Combat.csproj", "{FE51D353-63C1-42EF-B1FD-15EA877B0D66}"
EndProject
Global
	GlobalSection(SolutionConfigurationPlatforms) = preSolution
		Debug|Any CPU = Debug|Any CPU
		Release|Any CPU = Release|Any CPU
	EndGlobalSection
	GlobalSection(ProjectConfigurationPlatforms) = postSolution
		{FE51D353-63C1-42EF-B1FD-15EA877B0D66}.Debug|Any CPU.ActiveCfg = Debug|Any CPU
		{FE51D353-63C1-42EF-B1FD-15EA877B0D66}.Debug|Any CPU.Build.0 = Debug|Any CPU
		{FE51D353-63C1-42EF-B1FD-15EA877B0D66}.Release|Any CPU.ActiveCfg = Release|Any CPU
		{FE51D353-63C1-42EF-B1FD-15EA877B0D66}.Release|Any CPU.Build.0 = Release|Any CPU
	EndGlobalSection
EndGlobal
